
Microsoft Visual Studio Solution File, Format Version 12.00
# Visual Studio 15
VisualStudioVersion = 15.0.26124.0
MinimumVisualStudioVersion = 15.0.26124.0
Project("{FAE04EC0-301F-11D3-BF4B-00C04F79EFBC}") = "Api", "Hackaton.Api\Api.csproj", "{F87780A9-5749-4E2A-ADD3-64625B7DED39}"
EndProject
Project("{FAE04EC0-301F-11D3-BF4B-00C04F79EFBC}") = "Domain", "Hackaton.Domain\Domain.csproj", "{95E9B0DF-CF16-41ED-87D4-CDF525FA1A13}"
EndProject
Project("{FAE04EC0-301F-11D3-BF4B-00C04F79EFBC}") = "Application", "Hackaton.Application\Application.csproj", "{50200B17-B323-4651-8EDA-ECA1027CBDD3}"
EndProject
Project("{FAE04EC0-301F-11D3-BF4B-00C04F79EFBC}") = "Data", "Hackaton.Infra.Data\Data.csproj", "{24D3B9C7-B2D8-4F86-9B2A-CA2780DCE3F7}"
EndProject
Project("{FAE04EC0-301F-11D3-BF4B-00C04F79EFBC}") = "CrossCutting", "Hackaton.Infra.CrossCutting\CrossCutting.csproj", "{9AB72652-7EE3-4F5F-A55F-95CC7EE5AE9D}"
EndProject
Global
	GlobalSection(SolutionConfigurationPlatforms) = preSolution
		Debug|Any CPU = Debug|Any CPU
		Debug|x64 = Debug|x64
		Debug|x86 = Debug|x86
		Release|Any CPU = Release|Any CPU
		Release|x64 = Release|x64
		Release|x86 = Release|x86
	EndGlobalSection
	GlobalSection(SolutionProperties) = preSolution
		HideSolutionNode = FALSE
	EndGlobalSection
	GlobalSection(ProjectConfigurationPlatforms) = postSolution
		{F87780A9-5749-4E2A-ADD3-64625B7DED39}.Debug|Any CPU.ActiveCfg = Debug|Any CPU
		{F87780A9-5749-4E2A-ADD3-64625B7DED39}.Debug|Any CPU.Build.0 = Debug|Any CPU
		{F87780A9-5749-4E2A-ADD3-64625B7DED39}.Debug|x64.ActiveCfg = Debug|Any CPU
		{F87780A9-5749-4E2A-ADD3-64625B7DED39}.Debug|x64.Build.0 = Debug|Any CPU
		{F87780A9-5749-4E2A-ADD3-64625B7DED39}.Debug|x86.ActiveCfg = Debug|Any CPU
		{F87780A9-5749-4E2A-ADD3-64625B7DED39}.Debug|x86.Build.0 = Debug|Any CPU
		{F87780A9-5749-4E2A-ADD3-64625B7DED39}.Release|Any CPU.ActiveCfg = Release|Any CPU
		{F87780A9-5749-4E2A-ADD3-64625B7DED39}.Release|Any CPU.Build.0 = Release|Any CPU
		{F87780A9-5749-4E2A-ADD3-64625B7DED39}.Release|x64.ActiveCfg = Release|Any CPU
		{F87780A9-5749-4E2A-ADD3-64625B7DED39}.Release|x64.Build.0 = Release|Any CPU
		{F87780A9-5749-4E2A-ADD3-64625B7DED39}.Release|x86.ActiveCfg = Release|Any CPU
		{F87780A9-5749-4E2A-ADD3-64625B7DED39}.Release|x86.Build.0 = Release|Any CPU
		{95E9B0DF-CF16-41ED-87D4-CDF525FA1A13}.Debug|Any CPU.ActiveCfg = Debug|Any CPU
		{95E9B0DF-CF16-41ED-87D4-CDF525FA1A13}.Debug|Any CPU.Build.0 = Debug|Any CPU
		{95E9B0DF-CF16-41ED-87D4-CDF525FA1A13}.Debug|x64.ActiveCfg = Debug|Any CPU
		{95E9B0DF-CF16-41ED-87D4-CDF525FA1A13}.Debug|x64.Build.0 = Debug|Any CPU
		{95E9B0DF-CF16-41ED-87D4-CDF525FA1A13}.Debug|x86.ActiveCfg = Debug|Any CPU
		{95E9B0DF-CF16-41ED-87D4-CDF525FA1A13}.Debug|x86.Build.0 = Debug|Any CPU
		{95E9B0DF-CF16-41ED-87D4-CDF525FA1A13}.Release|Any CPU.ActiveCfg = Release|Any CPU
		{95E9B0DF-CF16-41ED-87D4-CDF525FA1A13}.Release|Any CPU.Build.0 = Release|Any CPU
		{95E9B0DF-CF16-41ED-87D4-CDF525FA1A13}.Release|x64.ActiveCfg = Release|Any CPU
		{95E9B0DF-CF16-41ED-87D4-CDF525FA1A13}.Release|x64.Build.0 = Release|Any CPU
		{95E9B0DF-CF16-41ED-87D4-CDF525FA1A13}.Release|x86.ActiveCfg = Release|Any CPU
		{95E9B0DF-CF16-41ED-87D4-CDF525FA1A13}.Release|x86.Build.0 = Release|Any CPU
		{CF40F1A9-84F0-4B11-A8B9-188BD9D120E2}.Debug|Any CPU.ActiveCfg = Debug|Any CPU
		{CF40F1A9-84F0-4B11-A8B9-188BD9D120E2}.Debug|Any CPU.Build.0 = Debug|Any CPU
		{CF40F1A9-84F0-4B11-A8B9-188BD9D120E2}.Debug|x64.ActiveCfg = Debug|Any CPU
		{CF40F1A9-84F0-4B11-A8B9-188BD9D120E2}.Debug|x64.Build.0 = Debug|Any CPU
		{CF40F1A9-84F0-4B11-A8B9-188BD9D120E2}.Debug|x86.ActiveCfg = Debug|Any CPU
		{CF40F1A9-84F0-4B11-A8B9-188BD9D120E2}.Debug|x86.Build.0 = Debug|Any CPU
		{CF40F1A9-84F0-4B11-A8B9-188BD9D120E2}.Release|Any CPU.ActiveCfg = Release|Any CPU
		{CF40F1A9-84F0-4B11-A8B9-188BD9D120E2}.Release|Any CPU.Build.0 = Release|Any CPU
		{CF40F1A9-84F0-4B11-A8B9-188BD9D120E2}.Release|x64.ActiveCfg = Release|Any CPU
		{CF40F1A9-84F0-4B11-A8B9-188BD9D120E2}.Release|x64.Build.0 = Release|Any CPU
		{CF40F1A9-84F0-4B11-A8B9-188BD9D120E2}.Release|x86.ActiveCfg = Release|Any CPU
		{CF40F1A9-84F0-4B11-A8B9-188BD9D120E2}.Release|x86.Build.0 = Release|Any CPU
		{BF506580-356D-444C-A898-F1BF1C2A8D05}.Debug|Any CPU.ActiveCfg = Debug|Any CPU
		{BF506580-356D-444C-A898-F1BF1C2A8D05}.Debug|Any CPU.Build.0 = Debug|Any CPU
		{BF506580-356D-444C-A898-F1BF1C2A8D05}.Debug|x64.ActiveCfg = Debug|Any CPU
		{BF506580-356D-444C-A898-F1BF1C2A8D05}.Debug|x64.Build.0 = Debug|Any CPU
		{BF506580-356D-444C-A898-F1BF1C2A8D05}.Debug|x86.ActiveCfg = Debug|Any CPU
		{BF506580-356D-444C-A898-F1BF1C2A8D05}.Debug|x86.Build.0 = Debug|Any CPU
		{BF506580-356D-444C-A898-F1BF1C2A8D05}.Release|Any CPU.ActiveCfg = Release|Any CPU
		{BF506580-356D-444C-A898-F1BF1C2A8D05}.Release|Any CPU.Build.0 = Release|Any CPU
		{BF506580-356D-444C-A898-F1BF1C2A8D05}.Release|x64.ActiveCfg = Release|Any CPU
		{BF506580-356D-444C-A898-F1BF1C2A8D05}.Release|x64.Build.0 = Release|Any CPU
		{BF506580-356D-444C-A898-F1BF1C2A8D05}.Release|x86.ActiveCfg = Release|Any CPU
		{BF506580-356D-444C-A898-F1BF1C2A8D05}.Release|x86.Build.0 = Release|Any CPU
		{9E71340D-93AD-468E-AC1B-2AAB7FA15432}.Debug|Any CPU.ActiveCfg = Debug|Any CPU
		{9E71340D-93AD-468E-AC1B-2AAB7FA15432}.Debug|Any CPU.Build.0 = Debug|Any CPU
		{9E71340D-93AD-468E-AC1B-2AAB7FA15432}.Debug|x64.ActiveCfg = Debug|Any CPU
		{9E71340D-93AD-468E-AC1B-2AAB7FA15432}.Debug|x64.Build.0 = Debug|Any CPU
		{9E71340D-93AD-468E-AC1B-2AAB7FA15432}.Debug|x86.ActiveCfg = Debug|Any CPU
		{9E71340D-93AD-468E-AC1B-2AAB7FA15432}.Debug|x86.Build.0 = Debug|Any CPU
		{9E71340D-93AD-468E-AC1B-2AAB7FA15432}.Release|Any CPU.ActiveCfg = Release|Any CPU
		{9E71340D-93AD-468E-AC1B-2AAB7FA15432}.Release|Any CPU.Build.0 = Release|Any CPU
		{9E71340D-93AD-468E-AC1B-2AAB7FA15432}.Release|x64.ActiveCfg = Release|Any CPU
		{9E71340D-93AD-468E-AC1B-2AAB7FA15432}.Release|x64.Build.0 = Release|Any CPU
		{9E71340D-93AD-468E-AC1B-2AAB7FA15432}.Release|x86.ActiveCfg = Release|Any CPU
		{9E71340D-93AD-468E-AC1B-2AAB7FA15432}.Release|x86.Build.0 = Release|Any CPU
		{50200B17-B323-4651-8EDA-ECA1027CBDD3}.Debug|Any CPU.ActiveCfg = Debug|Any CPU
		{50200B17-B323-4651-8EDA-ECA1027CBDD3}.Debug|Any CPU.Build.0 = Debug|Any CPU
		{50200B17-B323-4651-8EDA-ECA1027CBDD3}.Debug|x64.ActiveCfg = Debug|Any CPU
		{50200B17-B323-4651-8EDA-ECA1027CBDD3}.Debug|x64.Build.0 = Debug|Any CPU
		{50200B17-B323-4651-8EDA-ECA1027CBDD3}.Debug|x86.ActiveCfg = Debug|Any CPU
		{50200B17-B323-4651-8EDA-ECA1027CBDD3}.Debug|x86.Build.0 = Debug|Any CPU
		{50200B17-B323-4651-8EDA-ECA1027CBDD3}.Release|Any CPU.ActiveCfg = Release|Any CPU
		{50200B17-B323-4651-8EDA-ECA1027CBDD3}.Release|Any CPU.Build.0 = Release|Any CPU
		{50200B17-B323-4651-8EDA-ECA1027CBDD3}.Release|x64.ActiveCfg = Release|Any CPU
		{50200B17-B323-4651-8EDA-ECA1027CBDD3}.Release|x64.Build.0 = Release|Any CPU
		{50200B17-B323-4651-8EDA-ECA1027CBDD3}.Release|x86.ActiveCfg = Release|Any CPU
		{50200B17-B323-4651-8EDA-ECA1027CBDD3}.Release|x86.Build.0 = Release|Any CPU
		{24D3B9C7-B2D8-4F86-9B2A-CA2780DCE3F7}.Debug|Any CPU.ActiveCfg = Debug|Any CPU
		{24D3B9C7-B2D8-4F86-9B2A-CA2780DCE3F7}.Debug|Any CPU.Build.0 = Debug|Any CPU
		{24D3B9C7-B2D8-4F86-9B2A-CA2780DCE3F7}.Debug|x64.ActiveCfg = Debug|Any CPU
		{24D3B9C7-B2D8-4F86-9B2A-CA2780DCE3F7}.Debug|x64.Build.0 = Debug|Any CPU
		{24D3B9C7-B2D8-4F86-9B2A-CA2780DCE3F7}.Debug|x86.ActiveCfg = Debug|Any CPU
		{24D3B9C7-B2D8-4F86-9B2A-CA2780DCE3F7}.Debug|x86.Build.0 = Debug|Any CPU
		{24D3B9C7-B2D8-4F86-9B2A-CA2780DCE3F7}.Release|Any CPU.ActiveCfg = Release|Any CPU
		{24D3B9C7-B2D8-4F86-9B2A-CA2780DCE3F7}.Release|Any CPU.Build.0 = Release|Any CPU
		{24D3B9C7-B2D8-4F86-9B2A-CA2780DCE3F7}.Release|x64.ActiveCfg = Release|Any CPU
		{24D3B9C7-B2D8-4F86-9B2A-CA2780DCE3F7}.Release|x64.Build.0 = Release|Any CPU
		{24D3B9C7-B2D8-4F86-9B2A-CA2780DCE3F7}.Release|x86.ActiveCfg = Release|Any CPU
		{24D3B9C7-B2D8-4F86-9B2A-CA2780DCE3F7}.Release|x86.Build.0 = Release|Any CPU
		{9AB72652-7EE3-4F5F-A55F-95CC7EE5AE9D}.Debug|Any CPU.ActiveCfg = Debug|Any CPU
		{9AB72652-7EE3-4F5F-A55F-95CC7EE5AE9D}.Debug|Any CPU.Build.0 = Debug|Any CPU
		{9AB72652-7EE3-4F5F-A55F-95CC7EE5AE9D}.Debug|x64.ActiveCfg = Debug|Any CPU
		{9AB72652-7EE3-4F5F-A55F-95CC7EE5AE9D}.Debug|x64.Build.0 = Debug|Any CPU
		{9AB72652-7EE3-4F5F-A55F-95CC7EE5AE9D}.Debug|x86.ActiveCfg = Debug|Any CPU
		{9AB72652-7EE3-4F5F-A55F-95CC7EE5AE9D}.Debug|x86.Build.0 = Debug|Any CPU
		{9AB72652-7EE3-4F5F-A55F-95CC7EE5AE9D}.Release|Any CPU.ActiveCfg = Release|Any CPU
		{9AB72652-7EE3-4F5F-A55F-95CC7EE5AE9D}.Release|Any CPU.Build.0 = Release|Any CPU
		{9AB72652-7EE3-4F5F-A55F-95CC7EE5AE9D}.Release|x64.ActiveCfg = Release|Any CPU
		{9AB72652-7EE3-4F5F-A55F-95CC7EE5AE9D}.Release|x64.Build.0 = Release|Any CPU
		{9AB72652-7EE3-4F5F-A55F-95CC7EE5AE9D}.Release|x86.ActiveCfg = Release|Any CPU
		{9AB72652-7EE3-4F5F-A55F-95CC7EE5AE9D}.Release|x86.Build.0 = Release|Any CPU
	EndGlobalSection
EndGlobal
